
Microsoft Visual Studio Solution File, Format Version 12.00
# Visual Studio Version 17
VisualStudioVersion = 17.11.35219.272
MinimumVisualStudioVersion = 10.0.40219.1
Project("{FAE04EC0-301F-11D3-BF4B-00C04F79EFBC}") = "uppgift 1", "uppgift 1\uppgift 1.csproj", "{EDF6D391-E30E-4D7D-B717-9D2A764262FC}"
EndProject
Global
	GlobalSection(SolutionConfigurationPlatforms) = preSolution
		Debug|Any CPU = Debug|Any CPU
		Release|Any CPU = Release|Any CPU
	EndGlobalSection
	GlobalSection(ProjectConfigurationPlatforms) = postSolution
		{EDF6D391-E30E-4D7D-B717-9D2A764262FC}.Debug|Any CPU.ActiveCfg = Debug|Any CPU
		{EDF6D391-E30E-4D7D-B717-9D2A764262FC}.Debug|Any CPU.Build.0 = Debug|Any CPU
		{EDF6D391-E30E-4D7D-B717-9D2A764262FC}.Release|Any CPU.ActiveCfg = Release|Any CPU
		{EDF6D391-E30E-4D7D-B717-9D2A764262FC}.Release|Any CPU.Build.0 = Release|Any CPU
	EndGlobalSection
	GlobalSection(SolutionProperties) = preSolution
		HideSolutionNode = FALSE
	EndGlobalSection
	GlobalSection(ExtensibilityGlobals) = postSolution
		SolutionGuid = {C1962E8A-E07A-4DEA-86F6-680625B62B4E}
	EndGlobalSection
EndGlobal
